
Microsoft Visual Studio Solution File, Format Version 12.00
# Visual Studio Version 16
VisualStudioVersion = 16.0.29102.190
MinimumVisualStudioVersion = 10.0.40219.1
Project("{FAE04EC0-301F-11D3-BF4B-00C04F79EFBC}") = "Patterns", "Patterns\Patterns.csproj", "{583F90E9-A201-47F1-98E8-4C241864C23B}"
EndProject
Project("{2150E333-8FDC-42A3-9474-1A3956D46DE8}") = "Behaviors", "Behaviors", "{0441FC1B-1298-4954-8550-804D89041D43}"
EndProject
Project("{FAE04EC0-301F-11D3-BF4B-00C04F79EFBC}") = "Strategy", "Strategy\Strategy.csproj", "{4EDB7A2D-CFEC-46DC-B732-80890D605C6A}"
EndProject
Project("{FAE04EC0-301F-11D3-BF4B-00C04F79EFBC}") = "TemplateMethod", "TemplateMethod\TemplateMethod.csproj", "{A4EE7A2E-0C83-4353-BF82-31B40BF64D6D}"
EndProject
Project("{FAE04EC0-301F-11D3-BF4B-00C04F79EFBC}") = "Observer", "Observer\Observer.csproj", "{32FCFEAF-59EB-4081-A71F-58D18A6F4F80}"
EndProject
Project("{2150E333-8FDC-42A3-9474-1A3956D46DE8}") = "Structural", "Structural", "{E6EBC646-220F-4F84-974E-5AEC276610CD}"
EndProject
Project("{FAE04EC0-301F-11D3-BF4B-00C04F79EFBC}") = "Adapter", "Adapter\Adapter.csproj", "{ECEBA90C-7001-403D-9A90-EF936A50B74C}"
EndProject
Project("{FAE04EC0-301F-11D3-BF4B-00C04F79EFBC}") = "Facade", "Facade\Facade.csproj", "{E4B20869-6251-4782-848D-D0C477197A8B}"
EndProject
Project("{FAE04EC0-301F-11D3-BF4B-00C04F79EFBC}") = "Composite", "Composite\Composite.csproj", "{D9BCDA81-3ACB-4F82-9430-03ADD2F11D4A}"
EndProject
Project("{2150E333-8FDC-42A3-9474-1A3956D46DE8}") = "Creational", "Creational", "{A5978475-8BE7-4792-A2DE-1497D0F5EA0B}"
EndProject
Project("{FAE04EC0-301F-11D3-BF4B-00C04F79EFBC}") = "Singleton", "Singleton\Singleton.csproj", "{0C4A74C5-B680-4414-907C-180A6546FF73}"
EndProject
Project("{FAE04EC0-301F-11D3-BF4B-00C04F79EFBC}") = "FactoryMethod", "FactoryMethod\FactoryMethod.csproj", "{D5440505-39F5-4A9B-A699-BE0E9F509E40}"
EndProject
Project("{FAE04EC0-301F-11D3-BF4B-00C04F79EFBC}") = "Prototype", "Prototype\Prototype.csproj", "{4697AE06-8CE8-4612-B0DC-43456FCC0A24}"
EndProject
Project("{FAE04EC0-301F-11D3-BF4B-00C04F79EFBC}") = "Builder", "Builder\Builder.csproj", "{D1C6372A-FF82-4F63-A3FE-DA2EC95778CF}"
EndProject
Project("{FAE04EC0-301F-11D3-BF4B-00C04F79EFBC}") = "DelegatesAndEvents", "DelegatesAndEvents\DelegatesAndEvents.csproj", "{DCE2796D-5A0B-4323-BB8E-E947FBE0CCEC}"
EndProject
Global
	GlobalSection(SolutionConfigurationPlatforms) = preSolution
		Debug|Any CPU = Debug|Any CPU
		Release|Any CPU = Release|Any CPU
	EndGlobalSection
	GlobalSection(ProjectConfigurationPlatforms) = postSolution
		{583F90E9-A201-47F1-98E8-4C241864C23B}.Debug|Any CPU.ActiveCfg = Debug|Any CPU
		{583F90E9-A201-47F1-98E8-4C241864C23B}.Debug|Any CPU.Build.0 = Debug|Any CPU
		{583F90E9-A201-47F1-98E8-4C241864C23B}.Release|Any CPU.ActiveCfg = Release|Any CPU
		{583F90E9-A201-47F1-98E8-4C241864C23B}.Release|Any CPU.Build.0 = Release|Any CPU
		{4EDB7A2D-CFEC-46DC-B732-80890D605C6A}.Debug|Any CPU.ActiveCfg = Debug|Any CPU
		{4EDB7A2D-CFEC-46DC-B732-80890D605C6A}.Debug|Any CPU.Build.0 = Debug|Any CPU
		{4EDB7A2D-CFEC-46DC-B732-80890D605C6A}.Release|Any CPU.ActiveCfg = Release|Any CPU
		{4EDB7A2D-CFEC-46DC-B732-80890D605C6A}.Release|Any CPU.Build.0 = Release|Any CPU
		{A4EE7A2E-0C83-4353-BF82-31B40BF64D6D}.Debug|Any CPU.ActiveCfg = Debug|Any CPU
		{A4EE7A2E-0C83-4353-BF82-31B40BF64D6D}.Debug|Any CPU.Build.0 = Debug|Any CPU
		{A4EE7A2E-0C83-4353-BF82-31B40BF64D6D}.Release|Any CPU.ActiveCfg = Release|Any CPU
		{A4EE7A2E-0C83-4353-BF82-31B40BF64D6D}.Release|Any CPU.Build.0 = Release|Any CPU
		{32FCFEAF-59EB-4081-A71F-58D18A6F4F80}.Debug|Any CPU.ActiveCfg = Debug|Any CPU
		{32FCFEAF-59EB-4081-A71F-58D18A6F4F80}.Debug|Any CPU.Build.0 = Debug|Any CPU
		{32FCFEAF-59EB-4081-A71F-58D18A6F4F80}.Release|Any CPU.ActiveCfg = Release|Any CPU
		{32FCFEAF-59EB-4081-A71F-58D18A6F4F80}.Release|Any CPU.Build.0 = Release|Any CPU
		{ECEBA90C-7001-403D-9A90-EF936A50B74C}.Debug|Any CPU.ActiveCfg = Debug|Any CPU
		{ECEBA90C-7001-403D-9A90-EF936A50B74C}.Debug|Any CPU.Build.0 = Debug|Any CPU
		{ECEBA90C-7001-403D-9A90-EF936A50B74C}.Release|Any CPU.ActiveCfg = Release|Any CPU
		{ECEBA90C-7001-403D-9A90-EF936A50B74C}.Release|Any CPU.Build.0 = Release|Any CPU
		{E4B20869-6251-4782-848D-D0C477197A8B}.Debug|Any CPU.ActiveCfg = Debug|Any CPU
		{E4B20869-6251-4782-848D-D0C477197A8B}.Debug|Any CPU.Build.0 = Debug|Any CPU
		{E4B20869-6251-4782-848D-D0C477197A8B}.Release|Any CPU.ActiveCfg = Release|Any CPU
		{E4B20869-6251-4782-848D-D0C477197A8B}.Release|Any CPU.Build.0 = Release|Any CPU
		{D9BCDA81-3ACB-4F82-9430-03ADD2F11D4A}.Debug|Any CPU.ActiveCfg = Debug|Any CPU
		{D9BCDA81-3ACB-4F82-9430-03ADD2F11D4A}.Debug|Any CPU.Build.0 = Debug|Any CPU
		{D9BCDA81-3ACB-4F82-9430-03ADD2F11D4A}.Release|Any CPU.ActiveCfg = Release|Any CPU
		{D9BCDA81-3ACB-4F82-9430-03ADD2F11D4A}.Release|Any CPU.Build.0 = Release|Any CPU
		{0C4A74C5-B680-4414-907C-180A6546FF73}.Debug|Any CPU.ActiveCfg = Debug|Any CPU
		{0C4A74C5-B680-4414-907C-180A6546FF73}.Debug|Any CPU.Build.0 = Debug|Any CPU
		{0C4A74C5-B680-4414-907C-180A6546FF73}.Release|Any CPU.ActiveCfg = Release|Any CPU
		{0C4A74C5-B680-4414-907C-180A6546FF73}.Release|Any CPU.Build.0 = Release|Any CPU
		{D5440505-39F5-4A9B-A699-BE0E9F509E40}.Debug|Any CPU.ActiveCfg = Debug|Any CPU
		{D5440505-39F5-4A9B-A699-BE0E9F509E40}.Debug|Any CPU.Build.0 = Debug|Any CPU
		{D5440505-39F5-4A9B-A699-BE0E9F509E40}.Release|Any CPU.ActiveCfg = Release|Any CPU
		{D5440505-39F5-4A9B-A699-BE0E9F509E40}.Release|Any CPU.Build.0 = Release|Any CPU
		{4697AE06-8CE8-4612-B0DC-43456FCC0A24}.Debug|Any CPU.ActiveCfg = Debug|Any CPU
		{4697AE06-8CE8-4612-B0DC-43456FCC0A24}.Debug|Any CPU.Build.0 = Debug|Any CPU
		{4697AE06-8CE8-4612-B0DC-43456FCC0A24}.Release|Any CPU.ActiveCfg = Release|Any CPU
		{4697AE06-8CE8-4612-B0DC-43456FCC0A24}.Release|Any CPU.Build.0 = Release|Any CPU
		{D1C6372A-FF82-4F63-A3FE-DA2EC95778CF}.Debug|Any CPU.ActiveCfg = Debug|Any CPU
		{D1C6372A-FF82-4F63-A3FE-DA2EC95778CF}.Debug|Any CPU.Build.0 = Debug|Any CPU
		{D1C6372A-FF82-4F63-A3FE-DA2EC95778CF}.Release|Any CPU.ActiveCfg = Release|Any CPU
		{D1C6372A-FF82-4F63-A3FE-DA2EC95778CF}.Release|Any CPU.Build.0 = Release|Any CPU
		{DCE2796D-5A0B-4323-BB8E-E947FBE0CCEC}.Debug|Any CPU.ActiveCfg = Debug|Any CPU
		{DCE2796D-5A0B-4323-BB8E-E947FBE0CCEC}.Debug|Any CPU.Build.0 = Debug|Any CPU
		{DCE2796D-5A0B-4323-BB8E-E947FBE0CCEC}.Release|Any CPU.ActiveCfg = Release|Any CPU
		{DCE2796D-5A0B-4323-BB8E-E947FBE0CCEC}.Release|Any CPU.Build.0 = Release|Any CPU
	EndGlobalSection
	GlobalSection(SolutionProperties) = preSolution
		HideSolutionNode = FALSE
	EndGlobalSection
	GlobalSection(NestedProjects) = preSolution
		{4EDB7A2D-CFEC-46DC-B732-80890D605C6A} = {0441FC1B-1298-4954-8550-804D89041D43}
		{A4EE7A2E-0C83-4353-BF82-31B40BF64D6D} = {0441FC1B-1298-4954-8550-804D89041D43}
		{32FCFEAF-59EB-4081-A71F-58D18A6F4F80} = {0441FC1B-1298-4954-8550-804D89041D43}
		{ECEBA90C-7001-403D-9A90-EF936A50B74C} = {E6EBC646-220F-4F84-974E-5AEC276610CD}
		{E4B20869-6251-4782-848D-D0C477197A8B} = {E6EBC646-220F-4F84-974E-5AEC276610CD}
		{D9BCDA81-3ACB-4F82-9430-03ADD2F11D4A} = {E6EBC646-220F-4F84-974E-5AEC276610CD}
		{0C4A74C5-B680-4414-907C-180A6546FF73} = {A5978475-8BE7-4792-A2DE-1497D0F5EA0B}
		{D5440505-39F5-4A9B-A699-BE0E9F509E40} = {A5978475-8BE7-4792-A2DE-1497D0F5EA0B}
		{4697AE06-8CE8-4612-B0DC-43456FCC0A24} = {A5978475-8BE7-4792-A2DE-1497D0F5EA0B}
		{D1C6372A-FF82-4F63-A3FE-DA2EC95778CF} = {A5978475-8BE7-4792-A2DE-1497D0F5EA0B}
	EndGlobalSection
	GlobalSection(ExtensibilityGlobals) = postSolution
		SolutionGuid = {C6F1349B-1290-480F-B591-D3D1EC1950A9}
	EndGlobalSection
EndGlobal
